
Microsoft Visual Studio Solution File, Format Version 12.00
# Visual Studio 15
VisualStudioVersion = 15.0.27130.2020
MinimumVisualStudioVersion = 10.0.40219.1
Project("{FAE04EC0-301F-11D3-BF4B-00C04F79EFBC}") = "SnapNPack.Android", "SnapNPack\SnapNPack.Android\SnapNPack.Android.csproj", "{CA066FC6-907D-4343-A1D7-53BFC4723C60}"
EndProject
Project("{FAE04EC0-301F-11D3-BF4B-00C04F79EFBC}") = "SnapNPack.iOS", "SnapNPack\SnapNPack.iOS\SnapNPack.iOS.csproj", "{E08A50E6-4702-4C7D-870C-4948BF08D03C}"
EndProject
Project("{FAE04EC0-301F-11D3-BF4B-00C04F79EFBC}") = "SnapNPack.UWP", "SnapNPack\SnapNPack.UWP\SnapNPack.UWP.csproj", "{D8A56B96-8D6F-498C-9046-A26E432F2468}"
EndProject
Project("{D954291E-2A0B-460D-934E-DC6B0785DB48}") = "SnapNPack", "SnapNPack\SnapNPack\SnapNPack.shproj", "{0ADB96E0-AFFD-4FEA-86F6-90FEEE03FF03}"
EndProject
Global
	GlobalSection(SharedMSBuildProjectFiles) = preSolution
		SnapNPack\SnapNPack\SnapNPack.projitems*{0adb96e0-affd-4fea-86f6-90feee03ff03}*SharedItemsImports = 13
		SnapNPack\SnapNPack\SnapNPack.projitems*{ca066fc6-907d-4343-a1d7-53bfc4723c60}*SharedItemsImports = 4
		SnapNPack\SnapNPack\SnapNPack.projitems*{d8a56b96-8d6f-498c-9046-a26e432f2468}*SharedItemsImports = 4
		SnapNPack\SnapNPack\SnapNPack.projitems*{e08a50e6-4702-4c7d-870c-4948bf08d03c}*SharedItemsImports = 4
	EndGlobalSection
	GlobalSection(SolutionConfigurationPlatforms) = preSolution
		Ad-Hoc|Any CPU = Ad-Hoc|Any CPU
		Ad-Hoc|ARM = Ad-Hoc|ARM
		Ad-Hoc|iPhone = Ad-Hoc|iPhone
		Ad-Hoc|iPhoneSimulator = Ad-Hoc|iPhoneSimulator
		Ad-Hoc|x64 = Ad-Hoc|x64
		Ad-Hoc|x86 = Ad-Hoc|x86
		AppStore|Any CPU = AppStore|Any CPU
		AppStore|ARM = AppStore|ARM
		AppStore|iPhone = AppStore|iPhone
		AppStore|iPhoneSimulator = AppStore|iPhoneSimulator
		AppStore|x64 = AppStore|x64
		AppStore|x86 = AppStore|x86
		Debug|Any CPU = Debug|Any CPU
		Debug|ARM = Debug|ARM
		Debug|iPhone = Debug|iPhone
		Debug|iPhoneSimulator = Debug|iPhoneSimulator
		Debug|x64 = Debug|x64
		Debug|x86 = Debug|x86
		Release|Any CPU = Release|Any CPU
		Release|ARM = Release|ARM
		Release|iPhone = Release|iPhone
		Release|iPhoneSimulator = Release|iPhoneSimulator
		Release|x64 = Release|x64
		Release|x86 = Release|x86
	EndGlobalSection
	GlobalSection(ProjectConfigurationPlatforms) = postSolution
		{CA066FC6-907D-4343-A1D7-53BFC4723C60}.Ad-Hoc|Any CPU.ActiveCfg = Release|Any CPU
		{CA066FC6-907D-4343-A1D7-53BFC4723C60}.Ad-Hoc|Any CPU.Build.0 = Release|Any CPU
		{CA066FC6-907D-4343-A1D7-53BFC4723C60}.Ad-Hoc|Any CPU.Deploy.0 = Release|Any CPU
		{CA066FC6-907D-4343-A1D7-53BFC4723C60}.Ad-Hoc|ARM.ActiveCfg = Release|Any CPU
		{CA066FC6-907D-4343-A1D7-53BFC4723C60}.Ad-Hoc|ARM.Build.0 = Release|Any CPU
		{CA066FC6-907D-4343-A1D7-53BFC4723C60}.Ad-Hoc|ARM.Deploy.0 = Release|Any CPU
		{CA066FC6-907D-4343-A1D7-53BFC4723C60}.Ad-Hoc|iPhone.ActiveCfg = Release|Any CPU
		{CA066FC6-907D-4343-A1D7-53BFC4723C60}.Ad-Hoc|iPhone.Build.0 = Release|Any CPU
		{CA066FC6-907D-4343-A1D7-53BFC4723C60}.Ad-Hoc|iPhone.Deploy.0 = Release|Any CPU
		{CA066FC6-907D-4343-A1D7-53BFC4723C60}.Ad-Hoc|iPhoneSimulator.ActiveCfg = Release|Any CPU
		{CA066FC6-907D-4343-A1D7-53BFC4723C60}.Ad-Hoc|iPhoneSimulator.Build.0 = Release|Any CPU
		{CA066FC6-907D-4343-A1D7-53BFC4723C60}.Ad-Hoc|iPhoneSimulator.Deploy.0 = Release|Any CPU
		{CA066FC6-907D-4343-A1D7-53BFC4723C60}.Ad-Hoc|x64.ActiveCfg = Release|Any CPU
		{CA066FC6-907D-4343-A1D7-53BFC4723C60}.Ad-Hoc|x64.Build.0 = Release|Any CPU
		{CA066FC6-907D-4343-A1D7-53BFC4723C60}.Ad-Hoc|x64.Deploy.0 = Release|Any CPU
		{CA066FC6-907D-4343-A1D7-53BFC4723C60}.Ad-Hoc|x86.ActiveCfg = Release|Any CPU
		{CA066FC6-907D-4343-A1D7-53BFC4723C60}.Ad-Hoc|x86.Build.0 = Release|Any CPU
		{CA066FC6-907D-4343-A1D7-53BFC4723C60}.Ad-Hoc|x86.Deploy.0 = Release|Any CPU
		{CA066FC6-907D-4343-A1D7-53BFC4723C60}.AppStore|Any CPU.ActiveCfg = Release|Any CPU
		{CA066FC6-907D-4343-A1D7-53BFC4723C60}.AppStore|Any CPU.Build.0 = Release|Any CPU
		{CA066FC6-907D-4343-A1D7-53BFC4723C60}.AppStore|Any CPU.Deploy.0 = Release|Any CPU
		{CA066FC6-907D-4343-A1D7-53BFC4723C60}.AppStore|ARM.ActiveCfg = Release|Any CPU
		{CA066FC6-907D-4343-A1D7-53BFC4723C60}.AppStore|ARM.Build.0 = Release|Any CPU
		{CA066FC6-907D-4343-A1D7-53BFC4723C60}.AppStore|ARM.Deploy.0 = Release|Any CPU
		{CA066FC6-907D-4343-A1D7-53BFC4723C60}.AppStore|iPhone.ActiveCfg = Release|Any CPU
		{CA066FC6-907D-4343-A1D7-53BFC4723C60}.AppStore|iPhone.Build.0 = Release|Any CPU
		{CA066FC6-907D-4343-A1D7-53BFC4723C60}.AppStore|iPhone.Deploy.0 = Release|Any CPU
		{CA066FC6-907D-4343-A1D7-53BFC4723C60}.AppStore|iPhoneSimulator.ActiveCfg = Release|Any CPU
		{CA066FC6-907D-4343-A1D7-53BFC4723C60}.AppStore|iPhoneSimulator.Build.0 = Release|Any CPU
		{CA066FC6-907D-4343-A1D7-53BFC4723C60}.AppStore|iPhoneSimulator.Deploy.0 = Release|Any CPU
		{CA066FC6-907D-4343-A1D7-53BFC4723C60}.AppStore|x64.ActiveCfg = Release|Any CPU
		{CA066FC6-907D-4343-A1D7-53BFC4723C60}.AppStore|x64.Build.0 = Release|Any CPU
		{CA066FC6-907D-4343-A1D7-53BFC4723C60}.AppStore|x64.Deploy.0 = Release|Any CPU
		{CA066FC6-907D-4343-A1D7-53BFC4723C60}.AppStore|x86.ActiveCfg = Release|Any CPU
		{CA066FC6-907D-4343-A1D7-53BFC4723C60}.AppStore|x86.Build.0 = Release|Any CPU
		{CA066FC6-907D-4343-A1D7-53BFC4723C60}.AppStore|x86.Deploy.0 = Release|Any CPU
		{CA066FC6-907D-4343-A1D7-53BFC4723C60}.Debug|Any CPU.ActiveCfg = Debug|Any CPU
		{CA066FC6-907D-4343-A1D7-53BFC4723C60}.Debug|Any CPU.Build.0 = Debug|Any CPU
		{CA066FC6-907D-4343-A1D7-53BFC4723C60}.Debug|Any CPU.Deploy.0 = Debug|Any CPU
		{CA066FC6-907D-4343-A1D7-53BFC4723C60}.Debug|ARM.ActiveCfg = Debug|Any CPU
		{CA066FC6-907D-4343-A1D7-53BFC4723C60}.Debug|ARM.Build.0 = Debug|Any CPU
		{CA066FC6-907D-4343-A1D7-53BFC4723C60}.Debug|ARM.Deploy.0 = Debug|Any CPU
		{CA066FC6-907D-4343-A1D7-53BFC4723C60}.Debug|iPhone.ActiveCfg = Debug|Any CPU
		{CA066FC6-907D-4343-A1D7-53BFC4723C60}.Debug|iPhone.Build.0 = Debug|Any CPU
		{CA066FC6-907D-4343-A1D7-53BFC4723C60}.Debug|iPhone.Deploy.0 = Debug|Any CPU
		{CA066FC6-907D-4343-A1D7-53BFC4723C60}.Debug|iPhoneSimulator.ActiveCfg = Debug|Any CPU
		{CA066FC6-907D-4343-A1D7-53BFC4723C60}.Debug|iPhoneSimulator.Build.0 = Debug|Any CPU
		{CA066FC6-907D-4343-A1D7-53BFC4723C60}.Debug|iPhoneSimulator.Deploy.0 = Debug|Any CPU
		{CA066FC6-907D-4343-A1D7-53BFC4723C60}.Debug|x64.ActiveCfg = Debug|Any CPU
		{CA066FC6-907D-4343-A1D7-53BFC4723C60}.Debug|x64.Build.0 = Debug|Any CPU
		{CA066FC6-907D-4343-A1D7-53BFC4723C60}.Debug|x64.Deploy.0 = Debug|Any CPU
		{CA066FC6-907D-4343-A1D7-53BFC4723C60}.Debug|x86.ActiveCfg = Debug|Any CPU
		{CA066FC6-907D-4343-A1D7-53BFC4723C60}.Debug|x86.Build.0 = Debug|Any CPU
		{CA066FC6-907D-4343-A1D7-53BFC4723C60}.Debug|x86.Deploy.0 = Debug|Any CPU
		{CA066FC6-907D-4343-A1D7-53BFC4723C60}.Release|Any CPU.ActiveCfg = Release|Any CPU
		{CA066FC6-907D-4343-A1D7-53BFC4723C60}.Release|Any CPU.Build.0 = Release|Any CPU
		{CA066FC6-907D-4343-A1D7-53BFC4723C60}.Release|Any CPU.Deploy.0 = Release|Any CPU
		{CA066FC6-907D-4343-A1D7-53BFC4723C60}.Release|ARM.ActiveCfg = Release|Any CPU
		{CA066FC6-907D-4343-A1D7-53BFC4723C60}.Release|ARM.Build.0 = Release|Any CPU
		{CA066FC6-907D-4343-A1D7-53BFC4723C60}.Release|ARM.Deploy.0 = Release|Any CPU
		{CA066FC6-907D-4343-A1D7-53BFC4723C60}.Release|iPhone.ActiveCfg = Release|Any CPU
		{CA066FC6-907D-4343-A1D7-53BFC4723C60}.Release|iPhone.Build.0 = Release|Any CPU
		{CA066FC6-907D-4343-A1D7-53BFC4723C60}.Release|iPhone.Deploy.0 = Release|Any CPU
		{CA066FC6-907D-4343-A1D7-53BFC4723C60}.Release|iPhoneSimulator.ActiveCfg = Release|Any CPU
		{CA066FC6-907D-4343-A1D7-53BFC4723C60}.Release|iPhoneSimulator.Build.0 = Release|Any CPU
		{CA066FC6-907D-4343-A1D7-53BFC4723C60}.Release|iPhoneSimulator.Deploy.0 = Release|Any CPU
		{CA066FC6-907D-4343-A1D7-53BFC4723C60}.Release|x64.ActiveCfg = Release|Any CPU
		{CA066FC6-907D-4343-A1D7-53BFC4723C60}.Release|x64.Build.0 = Release|Any CPU
		{CA066FC6-907D-4343-A1D7-53BFC4723C60}.Release|x64.Deploy.0 = Release|Any CPU
		{CA066FC6-907D-4343-A1D7-53BFC4723C60}.Release|x86.ActiveCfg = Release|Any CPU
		{CA066FC6-907D-4343-A1D7-53BFC4723C60}.Release|x86.Build.0 = Release|Any CPU
		{CA066FC6-907D-4343-A1D7-53BFC4723C60}.Release|x86.Deploy.0 = Release|Any CPU
		{E08A50E6-4702-4C7D-870C-4948BF08D03C}.Ad-Hoc|Any CPU.ActiveCfg = Ad-Hoc|iPhone
		{E08A50E6-4702-4C7D-870C-4948BF08D03C}.Ad-Hoc|ARM.ActiveCfg = Ad-Hoc|iPhone
		{E08A50E6-4702-4C7D-870C-4948BF08D03C}.Ad-Hoc|iPhone.ActiveCfg = Ad-Hoc|iPhone
		{E08A50E6-4702-4C7D-870C-4948BF08D03C}.Ad-Hoc|iPhone.Build.0 = Ad-Hoc|iPhone
		{E08A50E6-4702-4C7D-870C-4948BF08D03C}.Ad-Hoc|iPhoneSimulator.ActiveCfg = Ad-Hoc|iPhoneSimulator
		{E08A50E6-4702-4C7D-870C-4948BF08D03C}.Ad-Hoc|iPhoneSimulator.Build.0 = Ad-Hoc|iPhoneSimulator
		{E08A50E6-4702-4C7D-870C-4948BF08D03C}.Ad-Hoc|x64.ActiveCfg = Ad-Hoc|iPhone
		{E08A50E6-4702-4C7D-870C-4948BF08D03C}.Ad-Hoc|x86.ActiveCfg = Ad-Hoc|iPhone
		{E08A50E6-4702-4C7D-870C-4948BF08D03C}.AppStore|Any CPU.ActiveCfg = AppStore|iPhone
		{E08A50E6-4702-4C7D-870C-4948BF08D03C}.AppStore|ARM.ActiveCfg = AppStore|iPhone
		{E08A50E6-4702-4C7D-870C-4948BF08D03C}.AppStore|iPhone.ActiveCfg = AppStore|iPhone
		{E08A50E6-4702-4C7D-870C-4948BF08D03C}.AppStore|iPhone.Build.0 = AppStore|iPhone
		{E08A50E6-4702-4C7D-870C-4948BF08D03C}.AppStore|iPhoneSimulator.ActiveCfg = AppStore|iPhoneSimulator
		{E08A50E6-4702-4C7D-870C-4948BF08D03C}.AppStore|iPhoneSimulator.Build.0 = AppStore|iPhoneSimulator
		{E08A50E6-4702-4C7D-870C-4948BF08D03C}.AppStore|x64.ActiveCfg = AppStore|iPhone
		{E08A50E6-4702-4C7D-870C-4948BF08D03C}.AppStore|x86.ActiveCfg = AppStore|iPhone
		{E08A50E6-4702-4C7D-870C-4948BF08D03C}.Debug|Any CPU.ActiveCfg = Debug|iPhone
		{E08A50E6-4702-4C7D-870C-4948BF08D03C}.Debug|ARM.ActiveCfg = Debug|iPhone
		{E08A50E6-4702-4C7D-870C-4948BF08D03C}.Debug|iPhone.ActiveCfg = Debug|iPhone
		{E08A50E6-4702-4C7D-870C-4948BF08D03C}.Debug|iPhone.Build.0 = Debug|iPhone
		{E08A50E6-4702-4C7D-870C-4948BF08D03C}.Debug|iPhoneSimulator.ActiveCfg = Debug|iPhoneSimulator
		{E08A50E6-4702-4C7D-870C-4948BF08D03C}.Debug|iPhoneSimulator.Build.0 = Debug|iPhoneSimulator
		{E08A50E6-4702-4C7D-870C-4948BF08D03C}.Debug|x64.ActiveCfg = Debug|iPhone
		{E08A50E6-4702-4C7D-870C-4948BF08D03C}.Debug|x86.ActiveCfg = Debug|iPhone
		{E08A50E6-4702-4C7D-870C-4948BF08D03C}.Release|Any CPU.ActiveCfg = Release|iPhone
		{E08A50E6-4702-4C7D-870C-4948BF08D03C}.Release|ARM.ActiveCfg = Release|iPhone
		{E08A50E6-4702-4C7D-870C-4948BF08D03C}.Release|iPhone.ActiveCfg = Release|iPhone
		{E08A50E6-4702-4C7D-870C-4948BF08D03C}.Release|iPhone.Build.0 = Release|iPhone
		{E08A50E6-4702-4C7D-870C-4948BF08D03C}.Release|iPhoneSimulator.ActiveCfg = Release|iPhoneSimulator
		{E08A50E6-4702-4C7D-870C-4948BF08D03C}.Release|iPhoneSimulator.Build.0 = Release|iPhoneSimulator
		{E08A50E6-4702-4C7D-870C-4948BF08D03C}.Release|x64.ActiveCfg = Release|iPhone
		{E08A50E6-4702-4C7D-870C-4948BF08D03C}.Release|x86.ActiveCfg = Release|iPhone
		{D8A56B96-8D6F-498C-9046-A26E432F2468}.Ad-Hoc|Any CPU.ActiveCfg = Release|x86
		{D8A56B96-8D6F-498C-9046-A26E432F2468}.Ad-Hoc|Any CPU.Build.0 = Release|x86
		{D8A56B96-8D6F-498C-9046-A26E432F2468}.Ad-Hoc|Any CPU.Deploy.0 = Release|x86
		{D8A56B96-8D6F-498C-9046-A26E432F2468}.Ad-Hoc|ARM.ActiveCfg = Release|ARM
		{D8A56B96-8D6F-498C-9046-A26E432F2468}.Ad-Hoc|ARM.Build.0 = Release|ARM
		{D8A56B96-8D6F-498C-9046-A26E432F2468}.Ad-Hoc|ARM.Deploy.0 = Release|ARM
		{D8A56B96-8D6F-498C-9046-A26E432F2468}.Ad-Hoc|iPhone.ActiveCfg = Release|x86
		{D8A56B96-8D6F-498C-9046-A26E432F2468}.Ad-Hoc|iPhone.Build.0 = Release|x86
		{D8A56B96-8D6F-498C-9046-A26E432F2468}.Ad-Hoc|iPhone.Deploy.0 = Release|x86
		{D8A56B96-8D6F-498C-9046-A26E432F2468}.Ad-Hoc|iPhoneSimulator.ActiveCfg = Release|x86
		{D8A56B96-8D6F-498C-9046-A26E432F2468}.Ad-Hoc|iPhoneSimulator.Build.0 = Release|x86
		{D8A56B96-8D6F-498C-9046-A26E432F2468}.Ad-Hoc|iPhoneSimulator.Deploy.0 = Release|x86
		{D8A56B96-8D6F-498C-9046-A26E432F2468}.Ad-Hoc|x64.ActiveCfg = Release|x64
		{D8A56B96-8D6F-498C-9046-A26E432F2468}.Ad-Hoc|x64.Build.0 = Release|x64
		{D8A56B96-8D6F-498C-9046-A26E432F2468}.Ad-Hoc|x64.Deploy.0 = Release|x64
		{D8A56B96-8D6F-498C-9046-A26E432F2468}.Ad-Hoc|x86.ActiveCfg = Release|x86
		{D8A56B96-8D6F-498C-9046-A26E432F2468}.Ad-Hoc|x86.Build.0 = Release|x86
		{D8A56B96-8D6F-498C-9046-A26E432F2468}.Ad-Hoc|x86.Deploy.0 = Release|x86
		{D8A56B96-8D6F-498C-9046-A26E432F2468}.AppStore|Any CPU.ActiveCfg = Release|x86
		{D8A56B96-8D6F-498C-9046-A26E432F2468}.AppStore|Any CPU.Build.0 = Release|x86
		{D8A56B96-8D6F-498C-9046-A26E432F2468}.AppStore|Any CPU.Deploy.0 = Release|x86
		{D8A56B96-8D6F-498C-9046-A26E432F2468}.AppStore|ARM.ActiveCfg = Release|ARM
		{D8A56B96-8D6F-498C-9046-A26E432F2468}.AppStore|ARM.Build.0 = Release|ARM
		{D8A56B96-8D6F-498C-9046-A26E432F2468}.AppStore|ARM.Deploy.0 = Release|ARM
		{D8A56B96-8D6F-498C-9046-A26E432F2468}.AppStore|iPhone.ActiveCfg = Release|x86
		{D8A56B96-8D6F-498C-9046-A26E432F2468}.AppStore|iPhone.Build.0 = Release|x86
		{D8A56B96-8D6F-498C-9046-A26E432F2468}.AppStore|iPhone.Deploy.0 = Release|x86
		{D8A56B96-8D6F-498C-9046-A26E432F2468}.AppStore|iPhoneSimulator.ActiveCfg = Release|x86
		{D8A56B96-8D6F-498C-9046-A26E432F2468}.AppStore|iPhoneSimulator.Build.0 = Release|x86
		{D8A56B96-8D6F-498C-9046-A26E432F2468}.AppStore|iPhoneSimulator.Deploy.0 = Release|x86
		{D8A56B96-8D6F-498C-9046-A26E432F2468}.AppStore|x64.ActiveCfg = Release|x64
		{D8A56B96-8D6F-498C-9046-A26E432F2468}.AppStore|x64.Build.0 = Release|x64
		{D8A56B96-8D6F-498C-9046-A26E432F2468}.AppStore|x64.Deploy.0 = Release|x64
		{D8A56B96-8D6F-498C-9046-A26E432F2468}.AppStore|x86.ActiveCfg = Release|x86
		{D8A56B96-8D6F-498C-9046-A26E432F2468}.AppStore|x86.Build.0 = Release|x86
		{D8A56B96-8D6F-498C-9046-A26E432F2468}.AppStore|x86.Deploy.0 = Release|x86
		{D8A56B96-8D6F-498C-9046-A26E432F2468}.Debug|Any CPU.ActiveCfg = Debug|x86
		{D8A56B96-8D6F-498C-9046-A26E432F2468}.Debug|ARM.ActiveCfg = Debug|ARM
		{D8A56B96-8D6F-498C-9046-A26E432F2468}.Debug|ARM.Build.0 = Debug|ARM
		{D8A56B96-8D6F-498C-9046-A26E432F2468}.Debug|ARM.Deploy.0 = Debug|ARM
		{D8A56B96-8D6F-498C-9046-A26E432F2468}.Debug|iPhone.ActiveCfg = Debug|x86
		{D8A56B96-8D6F-498C-9046-A26E432F2468}.Debug|iPhoneSimulator.ActiveCfg = Debug|x86
		{D8A56B96-8D6F-498C-9046-A26E432F2468}.Debug|x64.ActiveCfg = Debug|x64
		{D8A56B96-8D6F-498C-9046-A26E432F2468}.Debug|x64.Build.0 = Debug|x64
		{D8A56B96-8D6F-498C-9046-A26E432F2468}.Debug|x64.Deploy.0 = Debug|x64
		{D8A56B96-8D6F-498C-9046-A26E432F2468}.Debug|x86.ActiveCfg = Debug|x86
		{D8A56B96-8D6F-498C-9046-A26E432F2468}.Debug|x86.Build.0 = Debug|x86
		{D8A56B96-8D6F-498C-9046-A26E432F2468}.Debug|x86.Deploy.0 = Debug|x86
		{D8A56B96-8D6F-498C-9046-A26E432F2468}.Release|Any CPU.ActiveCfg = Release|x86
		{D8A56B96-8D6F-498C-9046-A26E432F2468}.Release|ARM.ActiveCfg = Release|ARM
		{D8A56B96-8D6F-498C-9046-A26E432F2468}.Release|ARM.Build.0 = Release|ARM
		{D8A56B96-8D6F-498C-9046-A26E432F2468}.Release|ARM.Deploy.0 = Release|ARM
		{D8A56B96-8D6F-498C-9046-A26E432F2468}.Release|iPhone.ActiveCfg = Release|x86
		{D8A56B96-8D6F-498C-9046-A26E432F2468}.Release|iPhoneSimulator.ActiveCfg = Release|x86
		{D8A56B96-8D6F-498C-9046-A26E432F2468}.Release|x64.ActiveCfg = Release|x64
		{D8A56B96-8D6F-498C-9046-A26E432F2468}.Release|x64.Build.0 = Release|x64
		{D8A56B96-8D6F-498C-9046-A26E432F2468}.Release|x64.Deploy.0 = Release|x64
		{D8A56B96-8D6F-498C-9046-A26E432F2468}.Release|x86.ActiveCfg = Release|x86
		{D8A56B96-8D6F-498C-9046-A26E432F2468}.Release|x86.Build.0 = Release|x86
		{D8A56B96-8D6F-498C-9046-A26E432F2468}.Release|x86.Deploy.0 = Release|x86
	EndGlobalSection
	GlobalSection(SolutionProperties) = preSolution
		HideSolutionNode = FALSE
	EndGlobalSection
	GlobalSection(ExtensibilityGlobals) = postSolution
		SolutionGuid = {98317CBE-0405-4B26-B388-4C346714D148}
	EndGlobalSection
EndGlobal
